github.com/ardin2001/pkg_sort_go v1.5.0 h1:iqqvxM0R4NWQ8sHeQVioF7wtZkjkXhCM776GW1IDvD4=
github.com/ardin2001/pkg_sort_go v1.5.0/go.mod h1:oXv1clcQNBdxtJPzAUugBZTirf/FqUkXiJ/y6PC7s3Y=
github.com/ardin2001/pkg_sort_go/v2 v2.0.0 h1:uQN/poZQr/Nc1zJd3MLZQOzAKH3VYnUNVBXekhvpFB4=
github.com/ardin2001/pkg_sort_go/v2 v2.0.0/go.mod h1:wi9omk4dDlcT39kRdZXwGRIgPPnRZDJuS18mlBzZqag=
